// !$*UTF8*$!
{
	archiveVersion = 1;
	classes = {
	};
	objectVersion = 56;
	objects = {

/* Begin PBXBuildFile section */
		BA00BA912CA463B800CE3618 /* TimerooApp.swift in Sources */ = {isa = PBXBuildFile; fileRef = BA00BA902CA463B800CE3618 /* TimerooApp.swift */; };
		BA00BA952CA463BA00CE3618 /* Assets.xcassets in Resources */ = {isa = PBXBuildFile; fileRef = BA00BA942CA463BA00CE3618 /* Assets.xcassets */; };
		BA00BA982CA463BA00CE3618 /* Preview Assets.xcassets in Resources */ = {isa = PBXBuildFile; fileRef = BA00BA972CA463BA00CE3618 /* Preview Assets.xcassets */; };
		BA00BAA42CA4648500CE3618 /* TimerooAppDelegate.swift in Sources */ = {isa = PBXBuildFile; fileRef = BA00BAA02CA4648500CE3618 /* TimerooAppDelegate.swift */; };
		BA00BAA52CA4648500CE3618 /* StartStop.scpt in Resources */ = {isa = PBXBuildFile; fileRef = BA00BAA12CA4648500CE3618 /* StartStop.scpt */; };
		BA00BAA62CA4648500CE3618 /* PopoverWindow.swift in Sources */ = {isa = PBXBuildFile; fileRef = BA00BAA22CA4648500CE3618 /* PopoverWindow.swift */; };
		BA13AB012CA5303F0076CFF5 /* TODO.md in Resources */ = {isa = PBXBuildFile; fileRef = BA13AB002CA5303F0076CFF5 /* TODO.md */; };
/* End PBXBuildFile section */

/* Begin PBXFileReference section */
		BA00BA8D2CA463B800CE3618 /* Timeroo.app */ = {isa = PBXFileReference; explicitFileType = wrapper.application; includeInIndex = 0; path = Timeroo.app; sourceTree = BUILT_PRODUCTS_DIR; };
		BA00BA902CA463B800CE3618 /* TimerooApp.swift */ = {isa = PBXFileReference; lastKnownFileType = sourcecode.swift; path = TimerooApp.swift; sourceTree = "<group>"; };
		BA00BA942CA463BA00CE3618 /* Assets.xcassets */ = {isa = PBXFileReference; lastKnownFileType = folder.assetcatalog; path = Assets.xcassets; sourceTree = "<group>"; };
		BA00BA972CA463BA00CE3618 /* Preview Assets.xcassets */ = {isa = PBXFileReference; lastKnownFileType = folder.assetcatalog; path = "Preview Assets.xcassets"; sourceTree = "<group>"; };
		BA00BA992CA463BA00CE3618 /* Timeroo.entitlements */ = {isa = PBXFileReference; lastKnownFileType = text.plist.entitlements; path = Timeroo.entitlements; sourceTree = "<group>"; };
		BA00BAA02CA4648500CE3618 /* TimerooAppDelegate.swift */ = {isa = PBXFileReference; fileEncoding = 4; lastKnownFileType = sourcecode.swift; path = TimerooAppDelegate.swift; sourceTree = "<group>"; };
		BA00BAA12CA4648500CE3618 /* StartStop.scpt */ = {isa = PBXFileReference; fileEncoding = 4; lastKnownFileType = text; path = StartStop.scpt; sourceTree = "<group>"; };
		BA00BAA22CA4648500CE3618 /* PopoverWindow.swift */ = {isa = PBXFileReference; fileEncoding = 4; lastKnownFileType = sourcecode.swift; path = PopoverWindow.swift; sourceTree = "<group>"; };
		BA13AB002CA5303F0076CFF5 /* TODO.md */ = {isa = PBXFileReference; lastKnownFileType = net.daringfireball.markdown; path = TODO.md; sourceTree = "<group>"; };
/* End PBXFileReference section */

/* Begin PBXFrameworksBuildPhase section */
		BA00BA8A2CA463B800CE3618 /* Frameworks */ = {
			isa = PBXFrameworksBuildPhase;
			buildActionMask = 2147483647;
			files = (
			);
			runOnlyForDeploymentPostprocessing = 0;
		};
/* End PBXFrameworksBuildPhase section */

/* Begin PBXGroup section */
		BA00BA842CA463B800CE3618 = {
			isa = PBXGroup;
			children = (
				BA00BA8F2CA463B800CE3618 /* Timeroo */,
				BA00BA8E2CA463B800CE3618 /* Products */,
			);
			sourceTree = "<group>";
		};
		BA00BA8E2CA463B800CE3618 /* Products */ = {
			isa = PBXGroup;
			children = (
				BA00BA8D2CA463B800CE3618 /* Timeroo.app */,
			);
			name = Products;
			sourceTree = "<group>";
		};
		BA00BA8F2CA463B800CE3618 /* Timeroo */ = {
			isa = PBXGroup;
			children = (
				BA00BAA22CA4648500CE3618 /* PopoverWindow.swift */,
				BA00BAA12CA4648500CE3618 /* StartStop.scpt */,
				BA00BAA02CA4648500CE3618 /* TimerooAppDelegate.swift */,
				BA13AB002CA5303F0076CFF5 /* TODO.md */,
				BA00BA902CA463B800CE3618 /* TimerooApp.swift */,
				BA00BA942CA463BA00CE3618 /* Assets.xcassets */,
				BA00BA992CA463BA00CE3618 /* Timeroo.entitlements */,
				BA00BA962CA463BA00CE3618 /* Preview Content */,
			);
			path = Timeroo;
			sourceTree = "<group>";
		};
		BA00BA962CA463BA00CE3618 /* Preview Content */ = {
			isa = PBXGroup;
			children = (
				BA00BA972CA463BA00CE3618 /* Preview Assets.xcassets */,
			);
			path = "Preview Content";
			sourceTree = "<group>";
		};
/* End PBXGroup section */

/* Begin PBXNativeTarget section */
		BA00BA8C2CA463B800CE3618 /* Timeroo */ = {
			isa = PBXNativeTarget;
			buildConfigurationList = BA00BA9C2CA463BA00CE3618 /* Build configuration list for PBXNativeTarget "Timeroo" */;
			buildPhases = (
				BA00BA892CA463B800CE3618 /* Sources */,
				BA00BA8A2CA463B800CE3618 /* Frameworks */,
				BA00BA8B2CA463B800CE3618 /* Resources */,
			);
			buildRules = (
			);
			dependencies = (
			);
			name = Timeroo;
			productName = Timeroo;
			productReference = BA00BA8D2CA463B800CE3618 /* Timeroo.app */;
			productType = "com.apple.product-type.application";
		};
/* End PBXNativeTarget section */

/* Begin PBXProject section */
		BA00BA852CA463B800CE3618 /* Project object */ = {
			isa = PBXProject;
			attributes = {
				BuildIndependentTargetsInParallel = 1;
				LastSwiftUpdateCheck = 1540;
				LastUpgradeCheck = 1540;
				TargetAttributes = {
					BA00BA8C2CA463B800CE3618 = {
						CreatedOnToolsVersion = 15.4;
					};
				};
			};
			buildConfigurationList = BA00BA882CA463B800CE3618 /* Build configuration list for PBXProject "Timeroo" */;
			compatibilityVersion = "Xcode 14.0";
			developmentRegion = en;
			hasScannedForEncodings = 0;
			knownRegions = (
				en,
				Base,
			);
			mainGroup = BA00BA842CA463B800CE3618;
			productRefGroup = BA00BA8E2CA463B800CE3618 /* Products */;
			projectDirPath = "";
			projectRoot = "";
			targets = (
				BA00BA8C2CA463B800CE3618 /* Timeroo */,
			);
		};
/* End PBXProject section */

/* Begin PBXResourcesBuildPhase section */
		BA00BA8B2CA463B800CE3618 /* Resources */ = {
			isa = PBXResourcesBuildPhase;
			buildActionMask = 2147483647;
			files = (
				BA00BA982CA463BA00CE3618 /* Preview Assets.xcassets in Resources */,
				BA00BA952CA463BA00CE3618 /* Assets.xcassets in Resources */,
				BA00BAA52CA4648500CE3618 /* StartStop.scpt in Resources */,
				BA13AB012CA5303F0076CFF5 /* TODO.md in Resources */,
			);
			runOnlyForDeploymentPostprocessing = 0;
		};
/* End PBXResourcesBuildPhase section */

/* Begin PBXSourcesBuildPhase section */
		BA00BA892CA463B800CE3618 /* Sources */ = {
			isa = PBXSourcesBuildPhase;
			buildActionMask = 2147483647;
			files = (
				BA00BAA42CA4648500CE3618 /* TimerooAppDelegate.swift in Sources */,
				BA00BAA62CA4648500CE3618 /* PopoverWindow.swift in Sources */,
				BA00BA912CA463B800CE3618 /* TimerooApp.swift in Sources */,
			);
			runOnlyForDeploymentPostprocessing = 0;
		};
/* End PBXSourcesBuildPhase section */

/* Begin XCBuildConfiguration section */
		BA00BA9A2CA463BA00CE3618 /* Debug */ = {
			isa = XCBuildConfiguration;
			buildSettings = {
				ALWAYS_SEARCH_USER_PATHS = NO;
				ASSETCATALOG_COMPILER_GENERATE_SWIFT_ASSET_SYMBOL_EXTENSIONS = YES;
				CLANG_ANALYZER_NONNULL = YES;
				CLANG_ANALYZER_NUMBER_OBJECT_CONVERSION = YES_AGGRESSIVE;
				CLANG_CXX_LANGUAGE_STANDARD = "gnu++20";
				CLANG_ENABLE_MODULES = YES;
				CLANG_ENABLE_OBJC_ARC = YES;
				CLANG_ENABLE_OBJC_WEAK = YES;
				CLANG_WARN_BLOCK_CAPTURE_AUTORELEASING = YES;
				CLANG_WARN_BOOL_CONVERSION = YES;
				CLANG_WARN_COMMA = YES;
				CLANG_WARN_CONSTANT_CONVERSION = YES;
				CLANG_WARN_DEPRECATED_OBJC_IMPLEMENTATIONS = YES;
				CLANG_WARN_DIRECT_OBJC_ISA_USAGE = YES_ERROR;
				CLANG_WARN_DOCUMENTATION_COMMENTS = YES;
				CLANG_WARN_EMPTY_BODY = YES;
				CLANG_WARN_ENUM_CONVERSION = YES;
				CLANG_WARN_INFINITE_RECURSION = YES;
				CLANG_WARN_INT_CONVERSION = YES;
				CLANG_WARN_NON_LITERAL_NULL_CONVERSION = YES;
				CLANG_WARN_OBJC_IMPLICIT_RETAIN_SELF = YES;
				CLANG_WARN_OBJC_LITERAL_CONVERSION = YES;
				CLANG_WARN_OBJC_ROOT_CLASS = YES_ERROR;
				CLANG_WARN_QUOTED_INCLUDE_IN_FRAMEWORK_HEADER = YES;
				CLANG_WARN_RANGE_LOOP_ANALYSIS = YES;
				CLANG_WARN_STRICT_PROTOTYPES = YES;
				CLANG_WARN_SUSPICIOUS_MOVE = YES;
				CLANG_WARN_UNGUARDED_AVAILABILITY = YES_AGGRESSIVE;
				CLANG_WARN_UNREACHABLE_CODE = YES;
				CLANG_WARN__DUPLICATE_METHOD_MATCH = YES;
				COPY_PHASE_STRIP = NO;
				DEBUG_INFORMATION_FORMAT = dwarf;
				ENABLE_STRICT_OBJC_MSGSEND = YES;
				ENABLE_TESTABILITY = YES;
				ENABLE_USER_SCRIPT_SANDBOXING = YES;
				GCC_C_LANGUAGE_STANDARD = gnu17;
				GCC_DYNAMIC_NO_PIC = NO;
				GCC_NO_COMMON_BLOCKS = YES;
				GCC_OPTIMIZATION_LEVEL = 0;
				GCC_PREPROCESSOR_DEFINITIONS = (
					"DEBUG=1",
					"$(inherited)",
				);
				GCC_WARN_64_TO_32_BIT_CONVERSION = YES;
				GCC_WARN_ABOUT_RETURN_TYPE = YES_ERROR;
				GCC_WARN_UNDECLARED_SELECTOR = YES;
				GCC_WARN_UNINITIALIZED_AUTOS = YES_AGGRESSIVE;
				GCC_WARN_UNUSED_FUNCTION = YES;
				GCC_WARN_UNUSED_VARIABLE = YES;
				LOCALIZATION_PREFERS_STRING_CATALOGS = YES;
				MACOSX_DEPLOYMENT_TARGET = 12.0;
				MTL_ENABLE_DEBUG_INFO = INCLUDE_SOURCE;
				MTL_FAST_MATH = YES;
				ONLY_ACTIVE_ARCH = YES;
				SDKROOT = macosx;
				SWIFT_ACTIVE_COMPILATION_CONDITIONS = "DEBUG $(inherited)";
				SWIFT_OPTIMIZATION_LEVEL = "-Onone";
			};
			name = Debug;
		};
		BA00BA9B2CA463BA00CE3618 /* Release */ = {
			isa = XCBuildConfiguration;
			buildSettings = {
				ALWAYS_SEARCH_USER_PATHS = NO;
				ASSETCATALOG_COMPILER_GENERATE_SWIFT_ASSET_SYMBOL_EXTENSIONS = YES;
				CLANG_ANALYZER_NONNULL = YES;
				CLANG_ANALYZER_NUMBER_OBJECT_CONVERSION = YES_AGGRESSIVE;
				CLANG_CXX_LANGUAGE_STANDARD = "gnu++20";
				CLANG_ENABLE_MODULES = YES;
				CLANG_ENABLE_OBJC_ARC = YES;
				CLANG_ENABLE_OBJC_WEAK = YES;
				CLANG_WARN_BLOCK_CAPTURE_AUTORELEASING = YES;
				CLANG_WARN_BOOL_CONVERSION = YES;
				CLANG_WARN_COMMA = YES;
				CLANG_WARN_CONSTANT_CONVERSION = YES;
				CLANG_WARN_DEPRECATED_OBJC_IMPLEMENTATIONS = YES;
				CLANG_WARN_DIRECT_OBJC_ISA_USAGE = YES_ERROR;
				CLANG_WARN_DOCUMENTATION_COMMENTS = YES;
				CLANG_WARN_EMPTY_BODY = YES;
				CLANG_WARN_ENUM_CONVERSION = YES;
				CLANG_WARN_INFINITE_RECURSION = YES;
				CLANG_WARN_INT_CONVERSION = YES;
				CLANG_WARN_NON_LITERAL_NULL_CONVERSION = YES;
				CLANG_WARN_OBJC_IMPLICIT_RETAIN_SELF = YES;
				CLANG_WARN_OBJC_LITERAL_CONVERSION = YES;
				CLANG_WARN_OBJC_ROOT_CLASS = YES_ERROR;
				CLANG_WARN_QUOTED_INCLUDE_IN_FRAMEWORK_HEADER = YES;
				CLANG_WARN_RANGE_LOOP_ANALYSIS = YES;
				CLANG_WARN_STRICT_PROTOTYPES = YES;
				CLANG_WARN_SUSPICIOUS_MOVE = YES;
				CLANG_WARN_UNGUARDED_AVAILABILITY = YES_AGGRESSIVE;
				CLANG_WARN_UNREACHABLE_CODE = YES;
				CLANG_WARN__DUPLICATE_METHOD_MATCH = YES;
				COPY_PHASE_STRIP = NO;
				DEBUG_INFORMATION_FORMAT = "dwarf-with-dsym";
				ENABLE_NS_ASSERTIONS = NO;
				ENABLE_STRICT_OBJC_MSGSEND = YES;
				ENABLE_USER_SCRIPT_SANDBOXING = YES;
				GCC_C_LANGUAGE_STANDARD = gnu17;
				GCC_NO_COMMON_BLOCKS = YES;
				GCC_WARN_64_TO_32_BIT_CONVERSION = YES;
				GCC_WARN_ABOUT_RETURN_TYPE = YES_ERROR;
				GCC_WARN_UNDECLARED_SELECTOR = YES;
				GCC_WARN_UNINITIALIZED_AUTOS = YES_AGGRESSIVE;
				GCC_WARN_UNUSED_FUNCTION = YES;
				GCC_WARN_UNUSED_VARIABLE = YES;
				LOCALIZATION_PREFERS_STRING_CATALOGS = YES;
				MACOSX_DEPLOYMENT_TARGET = 12.0;
				MTL_ENABLE_DEBUG_INFO = NO;
				MTL_FAST_MATH = YES;
				SDKROOT = macosx;
				SWIFT_COMPILATION_MODE = wholemodule;
			};
			name = Release;
		};
		BA00BA9D2CA463BA00CE3618 /* Debug */ = {
			isa = XCBuildConfiguration;
			buildSettings = {
				ASSETCATALOG_COMPILER_APPICON_NAME = AppIcon;
				ASSETCATALOG_COMPILER_GLOBAL_ACCENT_COLOR_NAME = AccentColor;
				CODE_SIGN_ENTITLEMENTS = Timeroo/Timeroo.entitlements;
				CODE_SIGN_STYLE = Automatic;
				COMBINE_HIDPI_IMAGES = YES;
				CURRENT_PROJECT_VERSION = 1;
				DEVELOPMENT_ASSET_PATHS = "\"Timeroo/Preview Content\"";
				ENABLE_PREVIEWS = YES;
				GENERATE_INFOPLIST_FILE = YES;
				INFOPLIST_KEY_LSUIElement = YES;
				INFOPLIST_KEY_NSHumanReadableCopyright = "";
				LD_RUNPATH_SEARCH_PATHS = (
					"$(inherited)",
					"@executable_path/../Frameworks",
				);
				MACOSX_DEPLOYMENT_TARGET = 12.0;
				MARKETING_VERSION = 1.0;
				PRODUCT_BUNDLE_IDENTIFIER = com.erezvolk.Timeroo;
				PRODUCT_NAME = "$(TARGET_NAME)";
				SWIFT_EMIT_LOC_STRINGS = YES;
				SWIFT_VERSION = 5.0;
			};
			name = Debug;
		};
		BA00BA9E2CA463BA00CE3618 /* Release */ = {
			isa = XCBuildConfiguration;
			buildSettings = {
				ASSETCATALOG_COMPILER_APPICON_NAME = AppIcon;
				ASSETCATALOG_COMPILER_GLOBAL_ACCENT_COLOR_NAME = AccentColor;
				CODE_SIGN_ENTITLEMENTS = Timeroo/Timeroo.entitlements;
				CODE_SIGN_STYLE = Automatic;
				COMBINE_HIDPI_IMAGES = YES;
				CURRENT_PROJECT_VERSION = 1;
				DEVELOPMENT_ASSET_PATHS = "\"Timeroo/Preview Content\"";
				ENABLE_PREVIEWS = YES;
				GENERATE_INFOPLIST_FILE = YES;
				INFOPLIST_KEY_LSUIElement = YES;
				INFOPLIST_KEY_NSHumanReadableCopyright = "";
				LD_RUNPATH_SEARCH_PATHS = (
					"$(inherited)",
					"@executable_path/../Frameworks",
				);
				MACOSX_DEPLOYMENT_TARGET = 12.0;
				MARKETING_VERSION = 1.0;
				PRODUCT_BUNDLE_IDENTIFIER = com.erezvolk.Timeroo;
				PRODUCT_NAME = "$(TARGET_NAME)";
				SWIFT_EMIT_LOC_STRINGS = YES;
				SWIFT_VERSION = 5.0;
			};
			name = Release;
		};
/* End XCBuildConfiguration section */

/* Begin XCConfigurationList section */
		BA00BA882CA463B800CE3618 /* Build configuration list for PBXProject "Timeroo" */ = {
			isa = XCConfigurationList;
			buildConfigurations = (
				BA00BA9A2CA463BA00CE3618 /* Debug */,
				BA00BA9B2CA463BA00CE3618 /* Release */,
			);
			defaultConfigurationIsVisible = 0;
			defaultConfigurationName = Release;
		};
		BA00BA9C2CA463BA00CE3618 /* Build configuration list for PBXNativeTarget "Timeroo" */ = {
			isa = XCConfigurationList;
			buildConfigurations = (
				BA00BA9D2CA463BA00CE3618 /* Debug */,
				BA00BA9E2CA463BA00CE3618 /* Release */,
			);
			defaultConfigurationIsVisible = 0;
			defaultConfigurationName = Release;
		};
/* End XCConfigurationList section */
	};
	rootObject = BA00BA852CA463B800CE3618 /* Project object */;
}
